github.com/google/btree v1.1.2 h1:xf4v41cLI2Z6FxbKm+8Bu+m8ifhj15JuZ9sa0jZCMUU=
github.com/google/btree v1.1.2/go.mod h1:qOPhT0dTNdNzV6Z/lhRX0YXUafgPLFUh+gZMl761Gm4=
github.com/sagernet/gvisor v0.0.0-20231119034329-07cfb6aaf930 h1:dSPgjIw0CT6ISLeEh8Q20dZMBMFCcEceo23+LncRcNQ=
github.com/sagernet/gvisor v0.0.0-20231119034329-07cfb6aaf930/go.mod h1:JpKHkOYgh4wLwrX2BhH3ZIvCvazCkTnPeEcmigZJfHY=
github.com/sagernet/sing v0.2.18-0.20231119032432-6a556bfa50cc h1:dmU0chO0QrBpARo8sqyOc+mvPLW+qux4ca16kb2WIc8=
github.com/sagernet/sing v0.2.18-0.20231119032432-6a556bfa50cc/go.mod h1:OL6k2F0vHmEzXz2KW19qQzu172FDgSbUSODylighuVo=
github.com/sagernet/wireguard-go v0.0.0-20230420044414-a7bac1754e77 h1:g6QtRWQ2dKX7EQP++1JLNtw4C2TNxd4/ov8YUpOPOSo=
github.com/sagernet/wireguard-go v0.0.0-20230420044414-a7bac1754e77/go.mod h1:pJDdXzZIwJ+2vmnT0TKzmf8meeum+e2mTDSehw79eE0=
golang.org/x/net v0.15.0 h1:ugBLEUaxABaB5AJqW9enI0ACdci2RUd4eP51NTBvuJ8=
golang.org/x/net v0.15.0/go.mod h1:idbUs1IY1+zTqbi8yxTbhexhEEk5ur9LInksu6HrEpk=
golang.org/x/sys v0.14.0 h1:Vz7Qs629MkJkGyHxUlRHizWJRG2j8fbQKjELVSNhy7Q=
golang.org/x/sys v0.14.0/go.mod h1:/VUhepiaJMQUp4+oa/7Zr1D23ma6VTLIYjOOTFZPUcA=
golang.org/x/time v0.4.0 h1:Z81tqI5ddIoXDPvVQ7/7CC9TnLM7ubaFG2qXYd5BbYY=
golang.org/x/time v0.4.0/go.mod h1:3BpzKBy/shNhVucY/MWOyx10tF3SFh9QdLuxbVysPQM=
